// !$*UTF8*$!
{
	archiveVersion = 1;
	classes = {
	};
	objectVersion = 46;
	objects = {

/* Begin PBXBuildFile section */
		1D6D5A941A8541DA0077EDF5 /* LinkedList.swift in Sources */ = {isa = PBXBuildFile; fileRef = 1D6D5A931A8541DA0077EDF5 /* LinkedList.swift */; };
		1D6D5A961A85423C0077EDF5 /* Node.swift in Sources */ = {isa = PBXBuildFile; fileRef = 1D6D5A951A85423C0077EDF5 /* Node.swift */; };
		1D6D5A991A8545CE0077EDF5 /* LinkedListTest.swift in Sources */ = {isa = PBXBuildFile; fileRef = 1D6D5A981A8545CE0077EDF5 /* LinkedListTest.swift */; };
		1D6D5A9A1A8547D70077EDF5 /* LinkedList.swift in Sources */ = {isa = PBXBuildFile; fileRef = 1D6D5A931A8541DA0077EDF5 /* LinkedList.swift */; };
		1D6D5A9B1A8547E90077EDF5 /* Node.swift in Sources */ = {isa = PBXBuildFile; fileRef = 1D6D5A951A85423C0077EDF5 /* Node.swift */; };
		1DA3EB3C1A8414FB00F413C5 /* InterfaceController.m in Sources */ = {isa = PBXBuildFile; fileRef = 1DA3EB3B1A8414FB00F413C5 /* InterfaceController.m */; };
		1DA3EB3E1A8414FB00F413C5 /* Images.xcassets in Resources */ = {isa = PBXBuildFile; fileRef = 1DA3EB3D1A8414FB00F413C5 /* Images.xcassets */; };
		1DA3EB421A8414FB00F413C5 /* LocationMinder WatchKit App.app in Resources */ = {isa = PBXBuildFile; fileRef = 1DA3EB411A8414FB00F413C5 /* LocationMinder WatchKit App.app */; };
		1DA3EB4A1A8414FB00F413C5 /* Interface.storyboard in Resources */ = {isa = PBXBuildFile; fileRef = 1DA3EB481A8414FB00F413C5 /* Interface.storyboard */; };
		1DA3EB4C1A8414FB00F413C5 /* Images.xcassets in Resources */ = {isa = PBXBuildFile; fileRef = 1DA3EB4B1A8414FB00F413C5 /* Images.xcassets */; };
		1DA3EB4F1A8414FB00F413C5 /* LocationMinder WatchKit Extension.appex in Embed App Extensions */ = {isa = PBXBuildFile; fileRef = 1DA3EB361A8414FB00F413C5 /* LocationMinder WatchKit Extension.appex */; settings = {ATTRIBUTES = (RemoveHeadersOnCopy, ); }; };
		1DA3EB5E1A841A1700F413C5 /* ReminderRowController.m in Sources */ = {isa = PBXBuildFile; fileRef = 1DA3EB5D1A841A1700F413C5 /* ReminderRowController.m */; };
		1DF01F341A802065008F514C /* main.m in Sources */ = {isa = PBXBuildFile; fileRef = 1DF01F331A802065008F514C /* main.m */; };
		1DF01F371A802065008F514C /* AppDelegate.m in Sources */ = {isa = PBXBuildFile; fileRef = 1DF01F361A802065008F514C /* AppDelegate.m */; };
		1DF01F3D1A802065008F514C /* Main.storyboard in Resources */ = {isa = PBXBuildFile; fileRef = 1DF01F3B1A802065008F514C /* Main.storyboard */; };
		1DF01F3F1A802065008F514C /* Images.xcassets in Resources */ = {isa = PBXBuildFile; fileRef = 1DF01F3E1A802065008F514C /* Images.xcassets */; };
		1DF01F421A802065008F514C /* LaunchScreen.xib in Resources */ = {isa = PBXBuildFile; fileRef = 1DF01F401A802065008F514C /* LaunchScreen.xib */; };
		1DF01F4E1A802065008F514C /* LocationMinderTests.m in Sources */ = {isa = PBXBuildFile; fileRef = 1DF01F4D1A802065008F514C /* LocationMinderTests.m */; };
		1DF01F581A80208D008F514C /* .gitignore in Resources */ = {isa = PBXBuildFile; fileRef = 1DF01F571A80208D008F514C /* .gitignore */; };
		1DF01F611A802BFF008F514C /* Stack.m in Sources */ = {isa = PBXBuildFile; fileRef = 1DF01F601A802BFF008F514C /* Stack.m */; };
		1DF01F641A802C12008F514C /* Queue.m in Sources */ = {isa = PBXBuildFile; fileRef = 1DF01F631A802C12008F514C /* Queue.m */; };
		1DF01F661A803491008F514C /* StackTests.m in Sources */ = {isa = PBXBuildFile; fileRef = 1DF01F651A803491008F514C /* StackTests.m */; };
		1DF01F681A803C66008F514C /* QueueTest.m in Sources */ = {isa = PBXBuildFile; fileRef = 1DF01F671A803C66008F514C /* QueueTest.m */; };
		1DF01F6B1A80412B008F514C /* MapViewController.m in Sources */ = {isa = PBXBuildFile; fileRef = 1DF01F6A1A80412B008F514C /* MapViewController.m */; };
		1DF01F6D1A804267008F514C /* MapKit.framework in Frameworks */ = {isa = PBXBuildFile; fileRef = 1DF01F6C1A804267008F514C /* MapKit.framework */; };
		1DF01FBB1A81759A008F514C /* AddReminderDetailViewController.m in Sources */ = {isa = PBXBuildFile; fileRef = 1DF01FBA1A81759A008F514C /* AddReminderDetailViewController.m */; };
/* End PBXBuildFile section */

/* Begin PBXContainerItemProxy section */
		1DA3EB431A8414FB00F413C5 /* PBXContainerItemProxy */ = {
			isa = PBXContainerItemProxy;
			containerPortal = 1DF01F261A802065008F514C /* Project object */;
			proxyType = 1;
			remoteGlobalIDString = 1DA3EB401A8414FB00F413C5;
			remoteInfo = "LocationMinder WatchKit App";
		};
		1DA3EB4D1A8414FB00F413C5 /* PBXContainerItemProxy */ = {
			isa = PBXContainerItemProxy;
			containerPortal = 1DF01F261A802065008F514C /* Project object */;
			proxyType = 1;
			remoteGlobalIDString = 1DA3EB351A8414FB00F413C5;
			remoteInfo = "LocationMinder WatchKit Extension";
		};
		1DF01F481A802065008F514C /* PBXContainerItemProxy */ = {
			isa = PBXContainerItemProxy;
			containerPortal = 1DF01F261A802065008F514C /* Project object */;
			proxyType = 1;
			remoteGlobalIDString = 1DF01F2D1A802065008F514C;
			remoteInfo = LocationMinder;
		};
/* End PBXContainerItemProxy section */

/* Begin PBXCopyFilesBuildPhase section */
		1DA3EB561A8414FB00F413C5 /* Embed App Extensions */ = {
			isa = PBXCopyFilesBuildPhase;
			buildActionMask = 2147483647;
			dstPath = "";
			dstSubfolderSpec = 13;
			files = (
				1DA3EB4F1A8414FB00F413C5 /* LocationMinder WatchKit Extension.appex in Embed App Extensions */,
			);
			name = "Embed App Extensions";
			runOnlyForDeploymentPostprocessing = 0;
		};
/* End PBXCopyFilesBuildPhase section */

/* Begin PBXFileReference section */
		1D6D5A921A8541D90077EDF5 /* LocationMinder-Bridging-Header.h */ = {isa = PBXFileReference; lastKnownFileType = sourcecode.c.h; path = "LocationMinder-Bridging-Header.h"; sourceTree = "<group>"; };
		1D6D5A931A8541DA0077EDF5 /* LinkedList.swift */ = {isa = PBXFileReference; fileEncoding = 4; lastKnownFileType = sourcecode.swift; path = LinkedList.swift; sourceTree = "<group>"; };
		1D6D5A951A85423C0077EDF5 /* Node.swift */ = {isa = PBXFileReference; fileEncoding = 4; lastKnownFileType = sourcecode.swift; path = Node.swift; sourceTree = "<group>"; };
		1D6D5A971A8545CD0077EDF5 /* LocationMinderTests-Bridging-Header.h */ = {isa = PBXFileReference; lastKnownFileType = sourcecode.c.h; path = "LocationMinderTests-Bridging-Header.h"; sourceTree = "<group>"; };
		1D6D5A981A8545CE0077EDF5 /* LinkedListTest.swift */ = {isa = PBXFileReference; fileEncoding = 4; lastKnownFileType = sourcecode.swift; path = LinkedListTest.swift; sourceTree = "<group>"; };
		1DA3EB361A8414FB00F413C5 /* LocationMinder WatchKit Extension.appex */ = {isa = PBXFileReference; explicitFileType = "wrapper.app-extension"; includeInIndex = 0; path = "LocationMinder WatchKit Extension.appex"; sourceTree = BUILT_PRODUCTS_DIR; };
		1DA3EB391A8414FB00F413C5 /* Info.plist */ = {isa = PBXFileReference; lastKnownFileType = text.plist.xml; path = Info.plist; sourceTree = "<group>"; };
		1DA3EB3A1A8414FB00F413C5 /* InterfaceController.h */ = {isa = PBXFileReference; lastKnownFileType = sourcecode.c.h; path = InterfaceController.h; sourceTree = "<group>"; };
		1DA3EB3B1A8414FB00F413C5 /* InterfaceController.m */ = {isa = PBXFileReference; lastKnownFileType = sourcecode.c.objc; path = InterfaceController.m; sourceTree = "<group>"; };
		1DA3EB3D1A8414FB00F413C5 /* Images.xcassets */ = {isa = PBXFileReference; lastKnownFileType = folder.assetcatalog; path = Images.xcassets; sourceTree = "<group>"; };
		1DA3EB411A8414FB00F413C5 /* LocationMinder WatchKit App.app */ = {isa = PBXFileReference; explicitFileType = wrapper.application; includeInIndex = 0; path = "LocationMinder WatchKit App.app"; sourceTree = BUILT_PRODUCTS_DIR; };
		1DA3EB471A8414FB00F413C5 /* Info.plist */ = {isa = PBXFileReference; lastKnownFileType = text.plist.xml; path = Info.plist; sourceTree = "<group>"; };
		1DA3EB491A8414FB00F413C5 /* Base */ = {isa = PBXFileReference; lastKnownFileType = file.storyboard; name = Base; path = Base.lproj/Interface.storyboard; sourceTree = "<group>"; };
		1DA3EB4B1A8414FB00F413C5 /* Images.xcassets */ = {isa = PBXFileReference; lastKnownFileType = folder.assetcatalog; path = Images.xcassets; sourceTree = "<group>"; };
		1DA3EB571A84153700F413C5 /* LocationMinder.entitlements */ = {isa = PBXFileReference; lastKnownFileType = text.xml; path = LocationMinder.entitlements; sourceTree = "<group>"; };
		1DA3EB581A84157100F413C5 /* LocationMinder WatchKit Extension.entitlements */ = {isa = PBXFileReference; lastKnownFileType = text.xml; path = "LocationMinder WatchKit Extension.entitlements"; sourceTree = "<group>"; };
		1DA3EB5C1A841A1700F413C5 /* ReminderRowController.h */ = {isa = PBXFileReference; fileEncoding = 4; lastKnownFileType = sourcecode.c.h; path = ReminderRowController.h; sourceTree = "<group>"; };
		1DA3EB5D1A841A1700F413C5 /* ReminderRowController.m */ = {isa = PBXFileReference; fileEncoding = 4; lastKnownFileType = sourcecode.c.objc; path = ReminderRowController.m; sourceTree = "<group>"; };
		1DF01F2E1A802065008F514C /* LocationMinder.app */ = {isa = PBXFileReference; explicitFileType = wrapper.application; includeInIndex = 0; path = LocationMinder.app; sourceTree = BUILT_PRODUCTS_DIR; };
		1DF01F321A802065008F514C /* Info.plist */ = {isa = PBXFileReference; lastKnownFileType = text.plist.xml; path = Info.plist; sourceTree = "<group>"; };
		1DF01F331A802065008F514C /* main.m */ = {isa = PBXFileReference; lastKnownFileType = sourcecode.c.objc; path = main.m; sourceTree = "<group>"; };
		1DF01F351A802065008F514C /* AppDelegate.h */ = {isa = PBXFileReference; lastKnownFileType = sourcecode.c.h; path = AppDelegate.h; sourceTree = "<group>"; };
		1DF01F361A802065008F514C /* AppDelegate.m */ = {isa = PBXFileReference; lastKnownFileType = sourcecode.c.objc; path = AppDelegate.m; sourceTree = "<group>"; };
		1DF01F3C1A802065008F514C /* Base */ = {isa = PBXFileReference; lastKnownFileType = file.storyboard; name = Base; path = Base.lproj/Main.storyboard; sourceTree = "<group>"; };
		1DF01F3E1A802065008F514C /* Images.xcassets */ = {isa = PBXFileReference; lastKnownFileType = folder.assetcatalog; path = Images.xcassets; sourceTree = "<group>"; };
		1DF01F411A802065008F514C /* Base */ = {isa = PBXFileReference; lastKnownFileType = file.xib; name = Base; path = Base.lproj/LaunchScreen.xib; sourceTree = "<group>"; };
		1DF01F471A802065008F514C /* LocationMinderTests.xctest */ = {isa = PBXFileReference; explicitFileType = wrapper.cfbundle; includeInIndex = 0; path = LocationMinderTests.xctest; sourceTree = BUILT_PRODUCTS_DIR; };
		1DF01F4C1A802065008F514C /* Info.plist */ = {isa = PBXFileReference; lastKnownFileType = text.plist.xml; path = Info.plist; sourceTree = "<group>"; };
		1DF01F4D1A802065008F514C /* LocationMinderTests.m */ = {isa = PBXFileReference; lastKnownFileType = sourcecode.c.objc; path = LocationMinderTests.m; sourceTree = "<group>"; };
		1DF01F571A80208D008F514C /* .gitignore */ = {isa = PBXFileReference; fileEncoding = 4; lastKnownFileType = text; path = .gitignore; sourceTree = "<group>"; };
		1DF01F5F1A802BFF008F514C /* Stack.h */ = {isa = PBXFileReference; fileEncoding = 4; lastKnownFileType = sourcecode.c.h; path = Stack.h; sourceTree = "<group>"; };
		1DF01F601A802BFF008F514C /* Stack.m */ = {isa = PBXFileReference; fileEncoding = 4; lastKnownFileType = sourcecode.c.objc; path = Stack.m; sourceTree = "<group>"; };
		1DF01F621A802C12008F514C /* Queue.h */ = {isa = PBXFileReference; fileEncoding = 4; lastKnownFileType = sourcecode.c.h; path = Queue.h; sourceTree = "<group>"; };
		1DF01F631A802C12008F514C /* Queue.m */ = {isa = PBXFileReference; fileEncoding = 4; lastKnownFileType = sourcecode.c.objc; path = Queue.m; sourceTree = "<group>"; };
		1DF01F651A803491008F514C /* StackTests.m */ = {isa = PBXFileReference; fileEncoding = 4; lastKnownFileType = sourcecode.c.objc; path = StackTests.m; sourceTree = "<group>"; };
		1DF01F671A803C66008F514C /* QueueTest.m */ = {isa = PBXFileReference; fileEncoding = 4; lastKnownFileType = sourcecode.c.objc; path = QueueTest.m; sourceTree = "<group>"; };
		1DF01F691A80412B008F514C /* MapViewController.h */ = {isa = PBXFileReference; fileEncoding = 4; lastKnownFileType = sourcecode.c.h; path = MapViewController.h; sourceTree = "<group>"; };
		1DF01F6A1A80412B008F514C /* MapViewController.m */ = {isa = PBXFileReference; fileEncoding = 4; lastKnownFileType = sourcecode.c.objc; path = MapViewController.m; sourceTree = "<group>"; };
		1DF01F6C1A804267008F514C /* MapKit.framework */ = {isa = PBXFileReference; lastKnownFileType = wrapper.framework; name = MapKit.framework; path = System/Library/Frameworks/MapKit.framework; sourceTree = SDKROOT; };
		1DF01FB91A81759A008F514C /* AddReminderDetailViewController.h */ = {isa = PBXFileReference; fileEncoding = 4; lastKnownFileType = sourcecode.c.h; path = AddReminderDetailViewController.h; sourceTree = "<group>"; };
		1DF01FBA1A81759A008F514C /* AddReminderDetailViewController.m */ = {isa = PBXFileReference; fileEncoding = 4; lastKnownFileType = sourcecode.c.objc; path = AddReminderDetailViewController.m; sourceTree = "<group>"; };
/* End PBXFileReference section */

/* Begin PBXFrameworksBuildPhase section */
		1DA3EB331A8414FB00F413C5 /* Frameworks */ = {
			isa = PBXFrameworksBuildPhase;
			buildActionMask = 2147483647;
			files = (
			);
			runOnlyForDeploymentPostprocessing = 0;
		};
		1DF01F2B1A802065008F514C /* Frameworks */ = {
			isa = PBXFrameworksBuildPhase;
			buildActionMask = 2147483647;
			files = (
				1DF01F6D1A804267008F514C /* MapKit.framework in Frameworks */,
			);
			runOnlyForDeploymentPostprocessing = 0;
		};
		1DF01F441A802065008F514C /* Frameworks */ = {
			isa = PBXFrameworksBuildPhase;
			buildActionMask = 2147483647;
			files = (
			);
			runOnlyForDeploymentPostprocessing = 0;
		};
/* End PBXFrameworksBuildPhase section */

/* Begin PBXGroup section */
		1DA3EB371A8414FB00F413C5 /* LocationMinder WatchKit Extension */ = {
			isa = PBXGroup;
			children = (
				1DA3EB3D1A8414FB00F413C5 /* Images.xcassets */,
				1DA3EB3A1A8414FB00F413C5 /* InterfaceController.h */,
				1DA3EB3B1A8414FB00F413C5 /* InterfaceController.m */,
				1DA3EB581A84157100F413C5 /* LocationMinder WatchKit Extension.entitlements */,
				1DA3EB5C1A841A1700F413C5 /* ReminderRowController.h */,
				1DA3EB5D1A841A1700F413C5 /* ReminderRowController.m */,
				1DA3EB381A8414FB00F413C5 /* Supporting Files */,
			);
			path = "LocationMinder WatchKit Extension";
			sourceTree = "<group>";
		};
		1DA3EB381A8414FB00F413C5 /* Supporting Files */ = {
			isa = PBXGroup;
			children = (
				1DA3EB391A8414FB00F413C5 /* Info.plist */,
			);
			name = "Supporting Files";
			sourceTree = "<group>";
		};
		1DA3EB451A8414FB00F413C5 /* LocationMinder WatchKit App */ = {
			isa = PBXGroup;
			children = (
				1DA3EB481A8414FB00F413C5 /* Interface.storyboard */,
				1DA3EB4B1A8414FB00F413C5 /* Images.xcassets */,
				1DA3EB461A8414FB00F413C5 /* Supporting Files */,
			);
			path = "LocationMinder WatchKit App";
			sourceTree = "<group>";
		};
		1DA3EB461A8414FB00F413C5 /* Supporting Files */ = {
			isa = PBXGroup;
			children = (
				1DA3EB471A8414FB00F413C5 /* Info.plist */,
			);
			name = "Supporting Files";
			sourceTree = "<group>";
		};
		1DF01F251A802065008F514C = {
			isa = PBXGroup;
			children = (
				1DF01F6C1A804267008F514C /* MapKit.framework */,
				1DF01F571A80208D008F514C /* .gitignore */,
				1DF01F301A802065008F514C /* LocationMinder */,
				1DF01F4A1A802065008F514C /* LocationMinderTests */,
				1DA3EB371A8414FB00F413C5 /* LocationMinder WatchKit Extension */,
				1DA3EB451A8414FB00F413C5 /* LocationMinder WatchKit App */,
				1DF01F2F1A802065008F514C /* Products */,
			);
			sourceTree = "<group>";
		};
		1DF01F2F1A802065008F514C /* Products */ = {
			isa = PBXGroup;
			children = (
				1DF01F2E1A802065008F514C /* LocationMinder.app */,
				1DF01F471A802065008F514C /* LocationMinderTests.xctest */,
				1DA3EB361A8414FB00F413C5 /* LocationMinder WatchKit Extension.appex */,
				1DA3EB411A8414FB00F413C5 /* LocationMinder WatchKit App.app */,
			);
			name = Products;
			sourceTree = "<group>";
		};
		1DF01F301A802065008F514C /* LocationMinder */ = {
			isa = PBXGroup;
			children = (
				1DA3EB571A84153700F413C5 /* LocationMinder.entitlements */,
				1DF01F591A8020A4008F514C /* Models */,
				1DF01F5A1A8020AA008F514C /* Views */,
				1DF01F5B1A8020B3008F514C /* Controllers */,
				1DF01F351A802065008F514C /* AppDelegate.h */,
				1DF01F361A802065008F514C /* AppDelegate.m */,
				1DF01F311A802065008F514C /* Supporting Files */,
			);
			path = LocationMinder;
			sourceTree = "<group>";
		};
		1DF01F311A802065008F514C /* Supporting Files */ = {
			isa = PBXGroup;
			children = (
				1DF01F321A802065008F514C /* Info.plist */,
				1DF01F331A802065008F514C /* main.m */,
			);
			name = "Supporting Files";
			sourceTree = "<group>";
		};
		1DF01F4A1A802065008F514C /* LocationMinderTests */ = {
			isa = PBXGroup;
			children = (
				1DF01F4D1A802065008F514C /* LocationMinderTests.m */,
				1DF01F4B1A802065008F514C /* Supporting Files */,
				1DF01F651A803491008F514C /* StackTests.m */,
				1DF01F671A803C66008F514C /* QueueTest.m */,
				1D6D5A981A8545CE0077EDF5 /* LinkedListTest.swift */,
				1D6D5A971A8545CD0077EDF5 /* LocationMinderTests-Bridging-Header.h */,
			);
			path = LocationMinderTests;
			sourceTree = "<group>";
		};
		1DF01F4B1A802065008F514C /* Supporting Files */ = {
			isa = PBXGroup;
			children = (
				1DF01F4C1A802065008F514C /* Info.plist */,
			);
			name = "Supporting Files";
			sourceTree = "<group>";
		};
		1DF01F591A8020A4008F514C /* Models */ = {
			isa = PBXGroup;
			children = (
				1DF01F5F1A802BFF008F514C /* Stack.h */,
				1DF01F601A802BFF008F514C /* Stack.m */,
				1DF01F621A802C12008F514C /* Queue.h */,
				1DF01F631A802C12008F514C /* Queue.m */,
				1DF01F3E1A802065008F514C /* Images.xcassets */,
				1D6D5A931A8541DA0077EDF5 /* LinkedList.swift */,
				1D6D5A921A8541D90077EDF5 /* LocationMinder-Bridging-Header.h */,
				1D6D5A951A85423C0077EDF5 /* Node.swift */,
			);
			name = Models;
			sourceTree = "<group>";
		};
		1DF01F5A1A8020AA008F514C /* Views */ = {
			isa = PBXGroup;
			children = (
				1DF01F3B1A802065008F514C /* Main.storyboard */,
				1DF01F401A802065008F514C /* LaunchScreen.xib */,
			);
			name = Views;
			sourceTree = "<group>";
		};
		1DF01F5B1A8020B3008F514C /* Controllers */ = {
			isa = PBXGroup;
			children = (
				1DF01F691A80412B008F514C /* MapViewController.h */,
				1DF01F6A1A80412B008F514C /* MapViewController.m */,
				1DF01FB91A81759A008F514C /* AddReminderDetailViewController.h */,
				1DF01FBA1A81759A008F514C /* AddReminderDetailViewController.m */,
			);
			name = Controllers;
			sourceTree = "<group>";
		};
/* End PBXGroup section */

/* Begin PBXNativeTarget section */
		1DA3EB351A8414FB00F413C5 /* LocationMinder WatchKit Extension */ = {
			isa = PBXNativeTarget;
			buildConfigurationList = 1DA3EB551A8414FB00F413C5 /* Build configuration list for PBXNativeTarget "LocationMinder WatchKit Extension" */;
			buildPhases = (
				1DA3EB321A8414FB00F413C5 /* Sources */,
				1DA3EB331A8414FB00F413C5 /* Frameworks */,
				1DA3EB341A8414FB00F413C5 /* Resources */,
			);
			buildRules = (
			);
			dependencies = (
				1DA3EB441A8414FB00F413C5 /* PBXTargetDependency */,
			);
			name = "LocationMinder WatchKit Extension";
			productName = "LocationMinder WatchKit Extension";
			productReference = 1DA3EB361A8414FB00F413C5 /* LocationMinder WatchKit Extension.appex */;
			productType = "com.apple.product-type.watchkit-extension";
		};
		1DA3EB401A8414FB00F413C5 /* LocationMinder WatchKit App */ = {
			isa = PBXNativeTarget;
			buildConfigurationList = 1DA3EB541A8414FB00F413C5 /* Build configuration list for PBXNativeTarget "LocationMinder WatchKit App" */;
			buildPhases = (
				1DA3EB3F1A8414FB00F413C5 /* Resources */,
			);
			buildRules = (
			);
			dependencies = (
			);
			name = "LocationMinder WatchKit App";
			productName = "LocationMinder WatchKit App";
			productReference = 1DA3EB411A8414FB00F413C5 /* LocationMinder WatchKit App.app */;
			productType = "com.apple.product-type.application.watchapp";
		};
		1DF01F2D1A802065008F514C /* LocationMinder */ = {
			isa = PBXNativeTarget;
			buildConfigurationList = 1DF01F511A802065008F514C /* Build configuration list for PBXNativeTarget "LocationMinder" */;
			buildPhases = (
				1DF01F2A1A802065008F514C /* Sources */,
				1DF01F2B1A802065008F514C /* Frameworks */,
				1DF01F2C1A802065008F514C /* Resources */,
				1DA3EB561A8414FB00F413C5 /* Embed App Extensions */,
			);
			buildRules = (
			);
			dependencies = (
				1DA3EB4E1A8414FB00F413C5 /* PBXTargetDependency */,
			);
			name = LocationMinder;
			productName = LocationMinder;
			productReference = 1DF01F2E1A802065008F514C /* LocationMinder.app */;
			productType = "com.apple.product-type.application";
		};
		1DF01F461A802065008F514C /* LocationMinderTests */ = {
			isa = PBXNativeTarget;
			buildConfigurationList = 1DF01F541A802065008F514C /* Build configuration list for PBXNativeTarget "LocationMinderTests" */;
			buildPhases = (
				1DF01F431A802065008F514C /* Sources */,
				1DF01F441A802065008F514C /* Frameworks */,
				1DF01F451A802065008F514C /* Resources */,
			);
			buildRules = (
			);
			dependencies = (
				1DF01F491A802065008F514C /* PBXTargetDependency */,
			);
			name = LocationMinderTests;
			productName = LocationMinderTests;
			productReference = 1DF01F471A802065008F514C /* LocationMinderTests.xctest */;
			productType = "com.apple.product-type.bundle.unit-test";
		};
/* End PBXNativeTarget section */

/* Begin PBXProject section */
		1DF01F261A802065008F514C /* Project object */ = {
			isa = PBXProject;
			attributes = {
				LastUpgradeCheck = 0610;
				ORGANIZATIONNAME = "Pho Diep";
				TargetAttributes = {
					1DA3EB351A8414FB00F413C5 = {
						CreatedOnToolsVersion = 6.2;
						DevelopmentTeam = R5E9GQR46J;
						SystemCapabilities = {
							com.apple.ApplicationGroups.iOS = {
								enabled = 1;
							};
						};
					};
					1DA3EB401A8414FB00F413C5 = {
						CreatedOnToolsVersion = 6.2;
					};
					1DF01F2D1A802065008F514C = {
						CreatedOnToolsVersion = 6.1.1;
						DevelopmentTeam = R5E9GQR46J;
						SystemCapabilities = {
							com.apple.ApplicationGroups.iOS = {
								enabled = 1;
							};
							com.apple.Maps.iOS = {
								enabled = 1;
							};
						};
					};
					1DF01F461A802065008F514C = {
						CreatedOnToolsVersion = 6.1.1;
						TestTargetID = 1DF01F2D1A802065008F514C;
					};
				};
			};
			buildConfigurationList = 1DF01F291A802065008F514C /* Build configuration list for PBXProject "LocationMinder" */;
			compatibilityVersion = "Xcode 3.2";
			developmentRegion = English;
			hasScannedForEncodings = 0;
			knownRegions = (
				en,
				Base,
			);
			mainGroup = 1DF01F251A802065008F514C;
			productRefGroup = 1DF01F2F1A802065008F514C /* Products */;
			projectDirPath = "";
			projectRoot = "";
			targets = (
				1DF01F2D1A802065008F514C /* LocationMinder */,
				1DF01F461A802065008F514C /* LocationMinderTests */,
				1DA3EB351A8414FB00F413C5 /* LocationMinder WatchKit Extension */,
				1DA3EB401A8414FB00F413C5 /* LocationMinder WatchKit App */,
			);
		};
/* End PBXProject section */

/* Begin PBXResourcesBuildPhase section */
		1DA3EB341A8414FB00F413C5 /* Resources */ = {
			isa = PBXResourcesBuildPhase;
			buildActionMask = 2147483647;
			files = (
				1DA3EB421A8414FB00F413C5 /* LocationMinder WatchKit App.app in Resources */,
				1DA3EB3E1A8414FB00F413C5 /* Images.xcassets in Resources */,
			);
			runOnlyForDeploymentPostprocessing = 0;
		};
		1DA3EB3F1A8414FB00F413C5 /* Resources */ = {
			isa = PBXResourcesBuildPhase;
			buildActionMask = 2147483647;
			files = (
				1DA3EB4A1A8414FB00F413C5 /* Interface.storyboard in Resources */,
				1DA3EB4C1A8414FB00F413C5 /* Images.xcassets in Resources */,
			);
			runOnlyForDeploymentPostprocessing = 0;
		};
		1DF01F2C1A802065008F514C /* Resources */ = {
			isa = PBXResourcesBuildPhase;
			buildActionMask = 2147483647;
			files = (
				1DF01F581A80208D008F514C /* .gitignore in Resources */,
				1DF01F3D1A802065008F514C /* Main.storyboard in Resources */,
				1DF01F421A802065008F514C /* LaunchScreen.xib in Resources */,
				1DF01F3F1A802065008F514C /* Images.xcassets in Resources */,
			);
			runOnlyForDeploymentPostprocessing = 0;
		};
		1DF01F451A802065008F514C /* Resources */ = {
			isa = PBXResourcesBuildPhase;
			buildActionMask = 2147483647;
			files = (
			);
			runOnlyForDeploymentPostprocessing = 0;
		};
/* End PBXResourcesBuildPhase section */

/* Begin PBXSourcesBuildPhase section */
		1DA3EB321A8414FB00F413C5 /* Sources */ = {
			isa = PBXSourcesBuildPhase;
			buildActionMask = 2147483647;
			files = (
				1DA3EB3C1A8414FB00F413C5 /* InterfaceController.m in Sources */,
				1DA3EB5E1A841A1700F413C5 /* ReminderRowController.m in Sources */,
			);
			runOnlyForDeploymentPostprocessing = 0;
		};
		1DF01F2A1A802065008F514C /* Sources */ = {
			isa = PBXSourcesBuildPhase;
			buildActionMask = 2147483647;
			files = (
				1DF01F641A802C12008F514C /* Queue.m in Sources */,
				1DF01F611A802BFF008F514C /* Stack.m in Sources */,
				1DF01FBB1A81759A008F514C /* AddReminderDetailViewController.m in Sources */,
				1D6D5A961A85423C0077EDF5 /* Node.swift in Sources */,
				1DF01F6B1A80412B008F514C /* MapViewController.m in Sources */,
				1DF01F371A802065008F514C /* AppDelegate.m in Sources */,
				1DF01F341A802065008F514C /* main.m in Sources */,
				1D6D5A941A8541DA0077EDF5 /* LinkedList.swift in Sources */,
			);
			runOnlyForDeploymentPostprocessing = 0;
		};
		1DF01F431A802065008F514C /* Sources */ = {
			isa = PBXSourcesBuildPhase;
			buildActionMask = 2147483647;
			files = (
				1DF01F661A803491008F514C /* StackTests.m in Sources */,
				1DF01F681A803C66008F514C /* QueueTest.m in Sources */,
				1D6D5A9A1A8547D70077EDF5 /* LinkedList.swift in Sources */,
				1D6D5A9B1A8547E90077EDF5 /* Node.swift in Sources */,
				1D6D5A991A8545CE0077EDF5 /* LinkedListTest.swift in Sources */,
				1DF01F4E1A802065008F514C /* LocationMinderTests.m in Sources */,
			);
			runOnlyForDeploymentPostprocessing = 0;
		};
/* End PBXSourcesBuildPhase section */

/* Begin PBXTargetDependency section */
		1DA3EB441A8414FB00F413C5 /* PBXTargetDependency */ = {
			isa = PBXTargetDependency;
			target = 1DA3EB401A8414FB00F413C5 /* LocationMinder WatchKit App */;
			targetProxy = 1DA3EB431A8414FB00F413C5 /* PBXContainerItemProxy */;
		};
		1DA3EB4E1A8414FB00F413C5 /* PBXTargetDependency */ = {
			isa = PBXTargetDependency;
			target = 1DA3EB351A8414FB00F413C5 /* LocationMinder WatchKit Extension */;
			targetProxy = 1DA3EB4D1A8414FB00F413C5 /* PBXContainerItemProxy */;
		};
		1DF01F491A802065008F514C /* PBXTargetDependency */ = {
			isa = PBXTargetDependency;
			target = 1DF01F2D1A802065008F514C /* LocationMinder */;
			targetProxy = 1DF01F481A802065008F514C /* PBXContainerItemProxy */;
		};
/* End PBXTargetDependency section */

/* Begin PBXVariantGroup section */
		1DA3EB481A8414FB00F413C5 /* Interface.storyboard */ = {
			isa = PBXVariantGroup;
			children = (
				1DA3EB491A8414FB00F413C5 /* Base */,
			);
			name = Interface.storyboard;
			sourceTree = "<group>";
		};
		1DF01F3B1A802065008F514C /* Main.storyboard */ = {
			isa = PBXVariantGroup;
			children = (
				1DF01F3C1A802065008F514C /* Base */,
			);
			name = Main.storyboard;
			sourceTree = "<group>";
		};
		1DF01F401A802065008F514C /* LaunchScreen.xib */ = {
			isa = PBXVariantGroup;
			children = (
				1DF01F411A802065008F514C /* Base */,
			);
			name = LaunchScreen.xib;
			sourceTree = "<group>";
		};
/* End PBXVariantGroup section */

/* Begin XCBuildConfiguration section */
		1DA3EB501A8414FB00F413C5 /* Debug */ = {
			isa = XCBuildConfiguration;
			buildSettings = {
				CODE_SIGN_ENTITLEMENTS = "LocationMinder WatchKit Extension/LocationMinder WatchKit Extension.entitlements";
				CODE_SIGN_IDENTITY = "iPhone Developer";
				"CODE_SIGN_IDENTITY[sdk=iphoneos*]" = "iPhone Developer";
				GCC_PREPROCESSOR_DEFINITIONS = (
					"DEBUG=1",
					"$(inherited)",
				);
				INFOPLIST_FILE = "LocationMinder WatchKit Extension/Info.plist";
				IPHONEOS_DEPLOYMENT_TARGET = 8.2;
				LD_RUNPATH_SEARCH_PATHS = "$(inherited) @executable_path/Frameworks @executable_path/../../Frameworks";
				PRODUCT_NAME = "${TARGET_NAME}";
				PROVISIONING_PROFILE = "";
				SKIP_INSTALL = YES;
			};
			name = Debug;
		};
		1DA3EB511A8414FB00F413C5 /* Release */ = {
			isa = XCBuildConfiguration;
			buildSettings = {
				CODE_SIGN_ENTITLEMENTS = "LocationMinder WatchKit Extension/LocationMinder WatchKit Extension.entitlements";
				CODE_SIGN_IDENTITY = "iPhone Developer";
				"CODE_SIGN_IDENTITY[sdk=iphoneos*]" = "iPhone Developer";
				COPY_PHASE_STRIP = NO;
				INFOPLIST_FILE = "LocationMinder WatchKit Extension/Info.plist";
				IPHONEOS_DEPLOYMENT_TARGET = 8.2;
				LD_RUNPATH_SEARCH_PATHS = "$(inherited) @executable_path/Frameworks @executable_path/../../Frameworks";
				PRODUCT_NAME = "${TARGET_NAME}";
				PROVISIONING_PROFILE = "";
				SKIP_INSTALL = YES;
			};
			name = Release;
		};
		1DA3EB521A8414FB00F413C5 /* Debug */ = {
			isa = XCBuildConfiguration;
			buildSettings = {
				ASSETCATALOG_COMPILER_APPICON_NAME = AppIcon;
				GCC_PREPROCESSOR_DEFINITIONS = (
					"DEBUG=1",
					"$(inherited)",
				);
				IBSC_MODULE = LocationMinder_WatchKit_Extension;
				INFOPLIST_FILE = "LocationMinder WatchKit App/Info.plist";
				IPHONEOS_DEPLOYMENT_TARGET = 8.2;
				PRODUCT_NAME = "$(TARGET_NAME)";
				SKIP_INSTALL = YES;
				TARGETED_DEVICE_FAMILY = 4;
				"TARGETED_DEVICE_FAMILY[sdk=iphonesimulator*]" = "1,4";
			};
			name = Debug;
		};
		1DA3EB531A8414FB00F413C5 /* Release */ = {
			isa = XCBuildConfiguration;
			buildSettings = {
				ASSETCATALOG_COMPILER_APPICON_NAME = AppIcon;
				COPY_PHASE_STRIP = NO;
				IBSC_MODULE = LocationMinder_WatchKit_Extension;
				INFOPLIST_FILE = "LocationMinder WatchKit App/Info.plist";
				IPHONEOS_DEPLOYMENT_TARGET = 8.2;
				PRODUCT_NAME = "$(TARGET_NAME)";
				SKIP_INSTALL = YES;
				TARGETED_DEVICE_FAMILY = 4;
				"TARGETED_DEVICE_FAMILY[sdk=iphonesimulator*]" = "1,4";
			};
			name = Release;
		};
		1DF01F4F1A802065008F514C /* Debug */ = {
			isa = XCBuildConfiguration;
			buildSettings = {
				ALWAYS_SEARCH_USER_PATHS = NO;
				CLANG_CXX_LANGUAGE_STANDARD = "gnu++0x";
				CLANG_CXX_LIBRARY = "libc++";
				CLANG_ENABLE_MODULES = YES;
				CLANG_ENABLE_OBJC_ARC = YES;
				CLANG_WARN_BOOL_CONVERSION = YES;
				CLANG_WARN_CONSTANT_CONVERSION = YES;
				CLANG_WARN_DIRECT_OBJC_ISA_USAGE = YES_ERROR;
				CLANG_WARN_EMPTY_BODY = YES;
				CLANG_WARN_ENUM_CONVERSION = YES;
				CLANG_WARN_INT_CONVERSION = YES;
				CLANG_WARN_OBJC_ROOT_CLASS = YES_ERROR;
				CLANG_WARN_UNREACHABLE_CODE = YES;
				CLANG_WARN__DUPLICATE_METHOD_MATCH = YES;
				"CODE_SIGN_IDENTITY[sdk=iphoneos*]" = "iPhone Developer";
				COPY_PHASE_STRIP = NO;
				ENABLE_STRICT_OBJC_MSGSEND = YES;
				GCC_C_LANGUAGE_STANDARD = gnu99;
				GCC_DYNAMIC_NO_PIC = NO;
				GCC_OPTIMIZATION_LEVEL = 0;
				GCC_PREPROCESSOR_DEFINITIONS = (
					"DEBUG=1",
					"$(inherited)",
				);
				GCC_SYMBOLS_PRIVATE_EXTERN = NO;
				GCC_WARN_64_TO_32_BIT_CONVERSION = YES;
				GCC_WARN_ABOUT_RETURN_TYPE = YES_ERROR;
				GCC_WARN_UNDECLARED_SELECTOR = YES;
				GCC_WARN_UNINITIALIZED_AUTOS = YES_AGGRESSIVE;
				GCC_WARN_UNUSED_FUNCTION = YES;
				GCC_WARN_UNUSED_VARIABLE = YES;
				IPHONEOS_DEPLOYMENT_TARGET = 8.1;
				MTL_ENABLE_DEBUG_INFO = YES;
				ONLY_ACTIVE_ARCH = YES;
				SDKROOT = iphoneos;
				TARGETED_DEVICE_FAMILY = "1,2";
			};
			name = Debug;
		};
		1DF01F501A802065008F514C /* Release */ = {
			isa = XCBuildConfiguration;
			buildSettings = {
				ALWAYS_SEARCH_USER_PATHS = NO;
				CLANG_CXX_LANGUAGE_STANDARD = "gnu++0x";
				CLANG_CXX_LIBRARY = "libc++";
				CLANG_ENABLE_MODULES = YES;
				CLANG_ENABLE_OBJC_ARC = YES;
				CLANG_WARN_BOOL_CONVERSION = YES;
				CLANG_WARN_CONSTANT_CONVERSION = YES;
				CLANG_WARN_DIRECT_OBJC_ISA_USAGE = YES_ERROR;
				CLANG_WARN_EMPTY_BODY = YES;
				CLANG_WARN_ENUM_CONVERSION = YES;
				CLANG_WARN_INT_CONVERSION = YES;
				CLANG_WARN_OBJC_ROOT_CLASS = YES_ERROR;
				CLANG_WARN_UNREACHABLE_CODE = YES;
				CLANG_WARN__DUPLICATE_METHOD_MATCH = YES;
				"CODE_SIGN_IDENTITY[sdk=iphoneos*]" = "iPhone Developer";
				COPY_PHASE_STRIP = YES;
				ENABLE_NS_ASSERTIONS = NO;
				ENABLE_STRICT_OBJC_MSGSEND = YES;
				GCC_C_LANGUAGE_STANDARD = gnu99;
				GCC_WARN_64_TO_32_BIT_CONVERSION = YES;
				GCC_WARN_ABOUT_RETURN_TYPE = YES_ERROR;
				GCC_WARN_UNDECLARED_SELECTOR = YES;
				GCC_WARN_UNINITIALIZED_AUTOS = YES_AGGRESSIVE;
				GCC_WARN_UNUSED_FUNCTION = YES;
				GCC_WARN_UNUSED_VARIABLE = YES;
				IPHONEOS_DEPLOYMENT_TARGET = 8.1;
				MTL_ENABLE_DEBUG_INFO = NO;
				SDKROOT = iphoneos;
				TARGETED_DEVICE_FAMILY = "1,2";
				VALIDATE_PRODUCT = YES;
			};
			name = Release;
		};
		1DF01F521A802065008F514C /* Debug */ = {
			isa = XCBuildConfiguration;
			buildSettings = {
				ASSETCATALOG_COMPILER_APPICON_NAME = AppIcon;
				CLANG_ENABLE_MODULES = YES;
				CODE_SIGN_ENTITLEMENTS = LocationMinder/LocationMinder.entitlements;
				CODE_SIGN_IDENTITY = "iPhone Developer";
				"CODE_SIGN_IDENTITY[sdk=iphoneos*]" = "iPhone Developer";
				INFOPLIST_FILE = LocationMinder/Info.plist;
				LD_RUNPATH_SEARCH_PATHS = "$(inherited) @executable_path/Frameworks";
				PRODUCT_NAME = "$(TARGET_NAME)";
				PROVISIONING_PROFILE = "";
				SWIFT_OBJC_BRIDGING_HEADER = "LocationMinder/LocationMinder-Bridging-Header.h";
				SWIFT_OPTIMIZATION_LEVEL = "-Onone";
			};
			name = Debug;
		};
		1DF01F531A802065008F514C /* Release */ = {
			isa = XCBuildConfiguration;
			buildSettings = {
				ASSETCATALOG_COMPILER_APPICON_NAME = AppIcon;
				CLANG_ENABLE_MODULES = YES;
				CODE_SIGN_ENTITLEMENTS = LocationMinder/LocationMinder.entitlements;
				CODE_SIGN_IDENTITY = "iPhone Developer";
				"CODE_SIGN_IDENTITY[sdk=iphoneos*]" = "iPhone Developer";
				INFOPLIST_FILE = LocationMinder/Info.plist;
				LD_RUNPATH_SEARCH_PATHS = "$(inherited) @executable_path/Frameworks";
				PRODUCT_NAME = "$(TARGET_NAME)";
				PROVISIONING_PROFILE = "";
				SWIFT_OBJC_BRIDGING_HEADER = "LocationMinder/LocationMinder-Bridging-Header.h";
			};
			name = Release;
		};
		1DF01F551A802065008F514C /* Debug */ = {
			isa = XCBuildConfiguration;
			buildSettings = {
				BUNDLE_LOADER = "$(TEST_HOST)";
				CLANG_ENABLE_MODULES = YES;
				FRAMEWORK_SEARCH_PATHS = (
					"$(SDKROOT)/Developer/Library/Frameworks",
					"$(inherited)",
				);
				GCC_PREPROCESSOR_DEFINITIONS = (
					"DEBUG=1",
					"$(inherited)",
				);
				INFOPLIST_FILE = LocationMinderTests/Info.plist;
				LD_RUNPATH_SEARCH_PATHS = "$(inherited) @executable_path/Frameworks @loader_path/Frameworks";
				PRODUCT_NAME = "$(TARGET_NAME)";
				SWIFT_OBJC_BRIDGING_HEADER = "LocationMinderTests/LocationMinderTests-Bridging-Header.h";
				SWIFT_OPTIMIZATION_LEVEL = "-Onone";
				TEST_HOST = "$(BUILT_PRODUCTS_DIR)/LocationMinder.app/LocationMinder";
			};
			name = Debug;
		};
		1DF01F561A802065008F514C /* Release */ = {
			isa = XCBuildConfiguration;
			buildSettings = {
				BUNDLE_LOADER = "$(TEST_HOST)";
				CLANG_ENABLE_MODULES = YES;
				FRAMEWORK_SEARCH_PATHS = (
					"$(SDKROOT)/Developer/Library/Frameworks",
					"$(inherited)",
				);
				INFOPLIST_FILE = LocationMinderTests/Info.plist;
				LD_RUNPATH_SEARCH_PATHS = "$(inherited) @executable_path/Frameworks @loader_path/Frameworks";
				PRODUCT_NAME = "$(TARGET_NAME)";
				SWIFT_OBJC_BRIDGING_HEADER = "LocationMinderTests/LocationMinderTests-Bridging-Header.h";
				TEST_HOST = "$(BUILT_PRODUCTS_DIR)/LocationMinder.app/LocationMinder";
			};
			name = Release;
		};
/* End XCBuildConfiguration section */

/* Begin XCConfigurationList section */
		1DA3EB541A8414FB00F413C5 /* Build configuration list for PBXNativeTarget "LocationMinder WatchKit App" */ = {
			isa = XCConfigurationList;
			buildConfigurations = (
				1DA3EB521A8414FB00F413C5 /* Debug */,
				1DA3EB531A8414FB00F413C5 /* Release */,
			);
			defaultConfigurationIsVisible = 0;
			defaultConfigurationName = Release;
		};
		1DA3EB551A8414FB00F413C5 /* Build configuration list for PBXNativeTarget "LocationMinder WatchKit Extension" */ = {
			isa = XCConfigurationList;
			buildConfigurations = (
				1DA3EB501A8414FB00F413C5 /* Debug */,
				1DA3EB511A8414FB00F413C5 /* Release */,
			);
			defaultConfigurationIsVisible = 0;
			defaultConfigurationName = Release;
		};
		1DF01F291A802065008F514C /* Build configuration list for PBXProject "LocationMinder" */ = {
			isa = XCConfigurationList;
			buildConfigurations = (
				1DF01F4F1A802065008F514C /* Debug */,
				1DF01F501A802065008F514C /* Release */,
			);
			defaultConfigurationIsVisible = 0;
			defaultConfigurationName = Release;
		};
		1DF01F511A802065008F514C /* Build configuration list for PBXNativeTarget "LocationMinder" */ = {
			isa = XCConfigurationList;
			buildConfigurations = (
				1DF01F521A802065008F514C /* Debug */,
				1DF01F531A802065008F514C /* Release */,
			);
			defaultConfigurationIsVisible = 0;
			defaultConfigurationName = Release;
		};
		1DF01F541A802065008F514C /* Build configuration list for PBXNativeTarget "LocationMinderTests" */ = {
			isa = XCConfigurationList;
			buildConfigurations = (
				1DF01F551A802065008F514C /* Debug */,
				1DF01F561A802065008F514C /* Release */,
			);
			defaultConfigurationIsVisible = 0;
			defaultConfigurationName = Release;
		};
/* End XCConfigurationList section */
	};
	rootObject = 1DF01F261A802065008F514C /* Project object */;
}
