// !$*UTF8*$!
{
	archiveVersion = 1;
	classes = {
	};
	objectVersion = 46;
	objects = {

/* Begin PBXBuildFile section */
		1DF01F341A802065008F514C /* main.m in Sources */ = {isa = PBXBuildFile; fileRef = 1DF01F331A802065008F514C /* main.m */; };
		1DF01F371A802065008F514C /* AppDelegate.m in Sources */ = {isa = PBXBuildFile; fileRef = 1DF01F361A802065008F514C /* AppDelegate.m */; };
		1DF01F3A1A802065008F514C /* ViewController.m in Sources */ = {isa = PBXBuildFile; fileRef = 1DF01F391A802065008F514C /* ViewController.m */; };
		1DF01F3D1A802065008F514C /* Main.storyboard in Resources */ = {isa = PBXBuildFile; fileRef = 1DF01F3B1A802065008F514C /* Main.storyboard */; };
		1DF01F3F1A802065008F514C /* Images.xcassets in Resources */ = {isa = PBXBuildFile; fileRef = 1DF01F3E1A802065008F514C /* Images.xcassets */; };
		1DF01F421A802065008F514C /* LaunchScreen.xib in Resources */ = {isa = PBXBuildFile; fileRef = 1DF01F401A802065008F514C /* LaunchScreen.xib */; };
		1DF01F4E1A802065008F514C /* LocationMinderTests.m in Sources */ = {isa = PBXBuildFile; fileRef = 1DF01F4D1A802065008F514C /* LocationMinderTests.m */; };
		1DF01F581A80208D008F514C /* .gitignore in Resources */ = {isa = PBXBuildFile; fileRef = 1DF01F571A80208D008F514C /* .gitignore */; };
		1DF01F611A802BFF008F514C /* Stack.m in Sources */ = {isa = PBXBuildFile; fileRef = 1DF01F601A802BFF008F514C /* Stack.m */; };
		1DF01F641A802C12008F514C /* Queue.m in Sources */ = {isa = PBXBuildFile; fileRef = 1DF01F631A802C12008F514C /* Queue.m */; };
		1DF01F661A803491008F514C /* StackTests.m in Sources */ = {isa = PBXBuildFile; fileRef = 1DF01F651A803491008F514C /* StackTests.m */; };
		1DF01F681A803C66008F514C /* QueueTest.m in Sources */ = {isa = PBXBuildFile; fileRef = 1DF01F671A803C66008F514C /* QueueTest.m */; };
		1DF01F6B1A80412B008F514C /* MapViewController.m in Sources */ = {isa = PBXBuildFile; fileRef = 1DF01F6A1A80412B008F514C /* MapViewController.m */; };
		1DF01F6D1A804267008F514C /* MapKit.framework in Frameworks */ = {isa = PBXBuildFile; fileRef = 1DF01F6C1A804267008F514C /* MapKit.framework */; };
		1DF01FBB1A81759A008F514C /* AddReminderDetailViewController.m in Sources */ = {isa = PBXBuildFile; fileRef = 1DF01FBA1A81759A008F514C /* AddReminderDetailViewController.m */; };
/* End PBXBuildFile section */

/* Begin PBXContainerItemProxy section */
		1DF01F481A802065008F514C /* PBXContainerItemProxy */ = {
			isa = PBXContainerItemProxy;
			containerPortal = 1DF01F261A802065008F514C /* Project object */;
			proxyType = 1;
			remoteGlobalIDString = 1DF01F2D1A802065008F514C;
			remoteInfo = LocationMinder;
		};
/* End PBXContainerItemProxy section */

/* Begin PBXFileReference section */
		1DF01F2E1A802065008F514C /* LocationMinder.app */ = {isa = PBXFileReference; explicitFileType = wrapper.application; includeInIndex = 0; path = LocationMinder.app; sourceTree = BUILT_PRODUCTS_DIR; };
		1DF01F321A802065008F514C /* Info.plist */ = {isa = PBXFileReference; lastKnownFileType = text.plist.xml; path = Info.plist; sourceTree = "<group>"; };
		1DF01F331A802065008F514C /* main.m */ = {isa = PBXFileReference; lastKnownFileType = sourcecode.c.objc; path = main.m; sourceTree = "<group>"; };
		1DF01F351A802065008F514C /* AppDelegate.h */ = {isa = PBXFileReference; lastKnownFileType = sourcecode.c.h; path = AppDelegate.h; sourceTree = "<group>"; };
		1DF01F361A802065008F514C /* AppDelegate.m */ = {isa = PBXFileReference; lastKnownFileType = sourcecode.c.objc; path = AppDelegate.m; sourceTree = "<group>"; };
		1DF01F381A802065008F514C /* ViewController.h */ = {isa = PBXFileReference; lastKnownFileType = sourcecode.c.h; path = ViewController.h; sourceTree = "<group>"; };
		1DF01F391A802065008F514C /* ViewController.m */ = {isa = PBXFileReference; lastKnownFileType = sourcecode.c.objc; path = ViewController.m; sourceTree = "<group>"; };
		1DF01F3C1A802065008F514C /* Base */ = {isa = PBXFileReference; lastKnownFileType = file.storyboard; name = Base; path = Base.lproj/Main.storyboard; sourceTree = "<group>"; };
		1DF01F3E1A802065008F514C /* Images.xcassets */ = {isa = PBXFileReference; lastKnownFileType = folder.assetcatalog; path = Images.xcassets; sourceTree = "<group>"; };
		1DF01F411A802065008F514C /* Base */ = {isa = PBXFileReference; lastKnownFileType = file.xib; name = Base; path = Base.lproj/LaunchScreen.xib; sourceTree = "<group>"; };
		1DF01F471A802065008F514C /* LocationMinderTests.xctest */ = {isa = PBXFileReference; explicitFileType = wrapper.cfbundle; includeInIndex = 0; path = LocationMinderTests.xctest; sourceTree = BUILT_PRODUCTS_DIR; };
		1DF01F4C1A802065008F514C /* Info.plist */ = {isa = PBXFileReference; lastKnownFileType = text.plist.xml; path = Info.plist; sourceTree = "<group>"; };
		1DF01F4D1A802065008F514C /* LocationMinderTests.m */ = {isa = PBXFileReference; lastKnownFileType = sourcecode.c.objc; path = LocationMinderTests.m; sourceTree = "<group>"; };
		1DF01F571A80208D008F514C /* .gitignore */ = {isa = PBXFileReference; fileEncoding = 4; lastKnownFileType = text; path = .gitignore; sourceTree = "<group>"; };
		1DF01F5F1A802BFF008F514C /* Stack.h */ = {isa = PBXFileReference; fileEncoding = 4; lastKnownFileType = sourcecode.c.h; path = Stack.h; sourceTree = "<group>"; };
		1DF01F601A802BFF008F514C /* Stack.m */ = {isa = PBXFileReference; fileEncoding = 4; lastKnownFileType = sourcecode.c.objc; path = Stack.m; sourceTree = "<group>"; };
		1DF01F621A802C12008F514C /* Queue.h */ = {isa = PBXFileReference; fileEncoding = 4; lastKnownFileType = sourcecode.c.h; path = Queue.h; sourceTree = "<group>"; };
		1DF01F631A802C12008F514C /* Queue.m */ = {isa = PBXFileReference; fileEncoding = 4; lastKnownFileType = sourcecode.c.objc; path = Queue.m; sourceTree = "<group>"; };
		1DF01F651A803491008F514C /* StackTests.m */ = {isa = PBXFileReference; fileEncoding = 4; lastKnownFileType = sourcecode.c.objc; path = StackTests.m; sourceTree = "<group>"; };
		1DF01F671A803C66008F514C /* QueueTest.m */ = {isa = PBXFileReference; fileEncoding = 4; lastKnownFileType = sourcecode.c.objc; path = QueueTest.m; sourceTree = "<group>"; };
		1DF01F691A80412B008F514C /* MapViewController.h */ = {isa = PBXFileReference; fileEncoding = 4; lastKnownFileType = sourcecode.c.h; path = MapViewController.h; sourceTree = "<group>"; };
		1DF01F6A1A80412B008F514C /* MapViewController.m */ = {isa = PBXFileReference; fileEncoding = 4; lastKnownFileType = sourcecode.c.objc; path = MapViewController.m; sourceTree = "<group>"; };
		1DF01F6C1A804267008F514C /* MapKit.framework */ = {isa = PBXFileReference; lastKnownFileType = wrapper.framework; name = MapKit.framework; path = System/Library/Frameworks/MapKit.framework; sourceTree = SDKROOT; };
		1DF01FB91A81759A008F514C /* AddReminderDetailViewController.h */ = {isa = PBXFileReference; fileEncoding = 4; lastKnownFileType = sourcecode.c.h; path = AddReminderDetailViewController.h; sourceTree = "<group>"; };
		1DF01FBA1A81759A008F514C /* AddReminderDetailViewController.m */ = {isa = PBXFileReference; fileEncoding = 4; lastKnownFileType = sourcecode.c.objc; path = AddReminderDetailViewController.m; sourceTree = "<group>"; };
/* End PBXFileReference section */

/* Begin PBXFrameworksBuildPhase section */
		1DF01F2B1A802065008F514C /* Frameworks */ = {
			isa = PBXFrameworksBuildPhase;
			buildActionMask = 2147483647;
			files = (
				1DF01F6D1A804267008F514C /* MapKit.framework in Frameworks */,
			);
			runOnlyForDeploymentPostprocessing = 0;
		};
		1DF01F441A802065008F514C /* Frameworks */ = {
			isa = PBXFrameworksBuildPhase;
			buildActionMask = 2147483647;
			files = (
			);
			runOnlyForDeploymentPostprocessing = 0;
		};
/* End PBXFrameworksBuildPhase section */

/* Begin PBXGroup section */
		1DF01F251A802065008F514C = {
			isa = PBXGroup;
			children = (
				1DF01F6C1A804267008F514C /* MapKit.framework */,
				1DF01F571A80208D008F514C /* .gitignore */,
				1DF01F301A802065008F514C /* LocationMinder */,
				1DF01F4A1A802065008F514C /* LocationMinderTests */,
				1DF01F2F1A802065008F514C /* Products */,
			);
			sourceTree = "<group>";
		};
		1DF01F2F1A802065008F514C /* Products */ = {
			isa = PBXGroup;
			children = (
				1DF01F2E1A802065008F514C /* LocationMinder.app */,
				1DF01F471A802065008F514C /* LocationMinderTests.xctest */,
			);
			name = Products;
			sourceTree = "<group>";
		};
		1DF01F301A802065008F514C /* LocationMinder */ = {
			isa = PBXGroup;
			children = (
				1DF01F591A8020A4008F514C /* Models */,
				1DF01F5A1A8020AA008F514C /* Views */,
				1DF01F5B1A8020B3008F514C /* Controllers */,
				1DF01F351A802065008F514C /* AppDelegate.h */,
				1DF01F361A802065008F514C /* AppDelegate.m */,
				1DF01F311A802065008F514C /* Supporting Files */,
				1DF01F5F1A802BFF008F514C /* Stack.h */,
				1DF01F601A802BFF008F514C /* Stack.m */,
				1DF01F621A802C12008F514C /* Queue.h */,
				1DF01F631A802C12008F514C /* Queue.m */,
			);
			path = LocationMinder;
			sourceTree = "<group>";
		};
		1DF01F311A802065008F514C /* Supporting Files */ = {
			isa = PBXGroup;
			children = (
				1DF01F321A802065008F514C /* Info.plist */,
				1DF01F331A802065008F514C /* main.m */,
			);
			name = "Supporting Files";
			sourceTree = "<group>";
		};
		1DF01F4A1A802065008F514C /* LocationMinderTests */ = {
			isa = PBXGroup;
			children = (
				1DF01F4D1A802065008F514C /* LocationMinderTests.m */,
				1DF01F4B1A802065008F514C /* Supporting Files */,
				1DF01F651A803491008F514C /* StackTests.m */,
				1DF01F671A803C66008F514C /* QueueTest.m */,
			);
			path = LocationMinderTests;
			sourceTree = "<group>";
		};
		1DF01F4B1A802065008F514C /* Supporting Files */ = {
			isa = PBXGroup;
			children = (
				1DF01F4C1A802065008F514C /* Info.plist */,
			);
			name = "Supporting Files";
			sourceTree = "<group>";
		};
		1DF01F591A8020A4008F514C /* Models */ = {
			isa = PBXGroup;
			children = (
				1DF01F3E1A802065008F514C /* Images.xcassets */,
			);
			name = Models;
			sourceTree = "<group>";
		};
		1DF01F5A1A8020AA008F514C /* Views */ = {
			isa = PBXGroup;
			children = (
				1DF01F3B1A802065008F514C /* Main.storyboard */,
				1DF01F401A802065008F514C /* LaunchScreen.xib */,
			);
			name = Views;
			sourceTree = "<group>";
		};
		1DF01F5B1A8020B3008F514C /* Controllers */ = {
			isa = PBXGroup;
			children = (
				1DF01F381A802065008F514C /* ViewController.h */,
				1DF01F391A802065008F514C /* ViewController.m */,
				1DF01F691A80412B008F514C /* MapViewController.h */,
				1DF01F6A1A80412B008F514C /* MapViewController.m */,
				1DF01FB91A81759A008F514C /* AddReminderDetailViewController.h */,
				1DF01FBA1A81759A008F514C /* AddReminderDetailViewController.m */,
			);
			name = Controllers;
			sourceTree = "<group>";
		};
/* End PBXGroup section */

/* Begin PBXNativeTarget section */
		1DF01F2D1A802065008F514C /* LocationMinder */ = {
			isa = PBXNativeTarget;
			buildConfigurationList = 1DF01F511A802065008F514C /* Build configuration list for PBXNativeTarget "LocationMinder" */;
			buildPhases = (
				1DF01F2A1A802065008F514C /* Sources */,
				1DF01F2B1A802065008F514C /* Frameworks */,
				1DF01F2C1A802065008F514C /* Resources */,
			);
			buildRules = (
			);
			dependencies = (
			);
			name = LocationMinder;
			productName = LocationMinder;
			productReference = 1DF01F2E1A802065008F514C /* LocationMinder.app */;
			productType = "com.apple.product-type.application";
		};
		1DF01F461A802065008F514C /* LocationMinderTests */ = {
			isa = PBXNativeTarget;
			buildConfigurationList = 1DF01F541A802065008F514C /* Build configuration list for PBXNativeTarget "LocationMinderTests" */;
			buildPhases = (
				1DF01F431A802065008F514C /* Sources */,
				1DF01F441A802065008F514C /* Frameworks */,
				1DF01F451A802065008F514C /* Resources */,
			);
			buildRules = (
			);
			dependencies = (
				1DF01F491A802065008F514C /* PBXTargetDependency */,
			);
			name = LocationMinderTests;
			productName = LocationMinderTests;
			productReference = 1DF01F471A802065008F514C /* LocationMinderTests.xctest */;
			productType = "com.apple.product-type.bundle.unit-test";
		};
/* End PBXNativeTarget section */

/* Begin PBXProject section */
		1DF01F261A802065008F514C /* Project object */ = {
			isa = PBXProject;
			attributes = {
				LastUpgradeCheck = 0610;
				ORGANIZATIONNAME = "Pho Diep";
				TargetAttributes = {
					1DF01F2D1A802065008F514C = {
						CreatedOnToolsVersion = 6.1.1;
						SystemCapabilities = {
							com.apple.Maps.iOS = {
								enabled = 1;
							};
						};
					};
					1DF01F461A802065008F514C = {
						CreatedOnToolsVersion = 6.1.1;
						TestTargetID = 1DF01F2D1A802065008F514C;
					};
				};
			};
			buildConfigurationList = 1DF01F291A802065008F514C /* Build configuration list for PBXProject "LocationMinder" */;
			compatibilityVersion = "Xcode 3.2";
			developmentRegion = English;
			hasScannedForEncodings = 0;
			knownRegions = (
				en,
				Base,
			);
			mainGroup = 1DF01F251A802065008F514C;
			productRefGroup = 1DF01F2F1A802065008F514C /* Products */;
			projectDirPath = "";
			projectRoot = "";
			targets = (
				1DF01F2D1A802065008F514C /* LocationMinder */,
				1DF01F461A802065008F514C /* LocationMinderTests */,
			);
		};
/* End PBXProject section */

/* Begin PBXResourcesBuildPhase section */
		1DF01F2C1A802065008F514C /* Resources */ = {
			isa = PBXResourcesBuildPhase;
			buildActionMask = 2147483647;
			files = (
				1DF01F581A80208D008F514C /* .gitignore in Resources */,
				1DF01F3D1A802065008F514C /* Main.storyboard in Resources */,
				1DF01F421A802065008F514C /* LaunchScreen.xib in Resources */,
				1DF01F3F1A802065008F514C /* Images.xcassets in Resources */,
			);
			runOnlyForDeploymentPostprocessing = 0;
		};
		1DF01F451A802065008F514C /* Resources */ = {
			isa = PBXResourcesBuildPhase;
			buildActionMask = 2147483647;
			files = (
			);
			runOnlyForDeploymentPostprocessing = 0;
		};
/* End PBXResourcesBuildPhase section */

/* Begin PBXSourcesBuildPhase section */
		1DF01F2A1A802065008F514C /* Sources */ = {
			isa = PBXSourcesBuildPhase;
			buildActionMask = 2147483647;
			files = (
				1DF01F641A802C12008F514C /* Queue.m in Sources */,
				1DF01F611A802BFF008F514C /* Stack.m in Sources */,
				1DF01FBB1A81759A008F514C /* AddReminderDetailViewController.m in Sources */,
				1DF01F3A1A802065008F514C /* ViewController.m in Sources */,
				1DF01F6B1A80412B008F514C /* MapViewController.m in Sources */,
				1DF01F371A802065008F514C /* AppDelegate.m in Sources */,
				1DF01F341A802065008F514C /* main.m in Sources */,
			);
			runOnlyForDeploymentPostprocessing = 0;
		};
		1DF01F431A802065008F514C /* Sources */ = {
			isa = PBXSourcesBuildPhase;
			buildActionMask = 2147483647;
			files = (
				1DF01F661A803491008F514C /* StackTests.m in Sources */,
				1DF01F681A803C66008F514C /* QueueTest.m in Sources */,
				1DF01F4E1A802065008F514C /* LocationMinderTests.m in Sources */,
			);
			runOnlyForDeploymentPostprocessing = 0;
		};
/* End PBXSourcesBuildPhase section */

/* Begin PBXTargetDependency section */
		1DF01F491A802065008F514C /* PBXTargetDependency */ = {
			isa = PBXTargetDependency;
			target = 1DF01F2D1A802065008F514C /* LocationMinder */;
			targetProxy = 1DF01F481A802065008F514C /* PBXContainerItemProxy */;
		};
/* End PBXTargetDependency section */

/* Begin PBXVariantGroup section */
		1DF01F3B1A802065008F514C /* Main.storyboard */ = {
			isa = PBXVariantGroup;
			children = (
				1DF01F3C1A802065008F514C /* Base */,
			);
			name = Main.storyboard;
			sourceTree = "<group>";
		};
		1DF01F401A802065008F514C /* LaunchScreen.xib */ = {
			isa = PBXVariantGroup;
			children = (
				1DF01F411A802065008F514C /* Base */,
			);
			name = LaunchScreen.xib;
			sourceTree = "<group>";
		};
/* End PBXVariantGroup section */

/* Begin XCBuildConfiguration section */
		1DF01F4F1A802065008F514C /* Debug */ = {
			isa = XCBuildConfiguration;
			buildSettings = {
				ALWAYS_SEARCH_USER_PATHS = NO;
				CLANG_CXX_LANGUAGE_STANDARD = "gnu++0x";
				CLANG_CXX_LIBRARY = "libc++";
				CLANG_ENABLE_MODULES = YES;
				CLANG_ENABLE_OBJC_ARC = YES;
				CLANG_WARN_BOOL_CONVERSION = YES;
				CLANG_WARN_CONSTANT_CONVERSION = YES;
				CLANG_WARN_DIRECT_OBJC_ISA_USAGE = YES_ERROR;
				CLANG_WARN_EMPTY_BODY = YES;
				CLANG_WARN_ENUM_CONVERSION = YES;
				CLANG_WARN_INT_CONVERSION = YES;
				CLANG_WARN_OBJC_ROOT_CLASS = YES_ERROR;
				CLANG_WARN_UNREACHABLE_CODE = YES;
				CLANG_WARN__DUPLICATE_METHOD_MATCH = YES;
				"CODE_SIGN_IDENTITY[sdk=iphoneos*]" = "iPhone Developer";
				COPY_PHASE_STRIP = NO;
				ENABLE_STRICT_OBJC_MSGSEND = YES;
				GCC_C_LANGUAGE_STANDARD = gnu99;
				GCC_DYNAMIC_NO_PIC = NO;
				GCC_OPTIMIZATION_LEVEL = 0;
				GCC_PREPROCESSOR_DEFINITIONS = (
					"DEBUG=1",
					"$(inherited)",
				);
				GCC_SYMBOLS_PRIVATE_EXTERN = NO;
				GCC_WARN_64_TO_32_BIT_CONVERSION = YES;
				GCC_WARN_ABOUT_RETURN_TYPE = YES_ERROR;
				GCC_WARN_UNDECLARED_SELECTOR = YES;
				GCC_WARN_UNINITIALIZED_AUTOS = YES_AGGRESSIVE;
				GCC_WARN_UNUSED_FUNCTION = YES;
				GCC_WARN_UNUSED_VARIABLE = YES;
				IPHONEOS_DEPLOYMENT_TARGET = 8.1;
				MTL_ENABLE_DEBUG_INFO = YES;
				ONLY_ACTIVE_ARCH = YES;
				SDKROOT = iphoneos;
				TARGETED_DEVICE_FAMILY = "1,2";
			};
			name = Debug;
		};
		1DF01F501A802065008F514C /* Release */ = {
			isa = XCBuildConfiguration;
			buildSettings = {
				ALWAYS_SEARCH_USER_PATHS = NO;
				CLANG_CXX_LANGUAGE_STANDARD = "gnu++0x";
				CLANG_CXX_LIBRARY = "libc++";
				CLANG_ENABLE_MODULES = YES;
				CLANG_ENABLE_OBJC_ARC = YES;
				CLANG_WARN_BOOL_CONVERSION = YES;
				CLANG_WARN_CONSTANT_CONVERSION = YES;
				CLANG_WARN_DIRECT_OBJC_ISA_USAGE = YES_ERROR;
				CLANG_WARN_EMPTY_BODY = YES;
				CLANG_WARN_ENUM_CONVERSION = YES;
				CLANG_WARN_INT_CONVERSION = YES;
				CLANG_WARN_OBJC_ROOT_CLASS = YES_ERROR;
				CLANG_WARN_UNREACHABLE_CODE = YES;
				CLANG_WARN__DUPLICATE_METHOD_MATCH = YES;
				"CODE_SIGN_IDENTITY[sdk=iphoneos*]" = "iPhone Developer";
				COPY_PHASE_STRIP = YES;
				ENABLE_NS_ASSERTIONS = NO;
				ENABLE_STRICT_OBJC_MSGSEND = YES;
				GCC_C_LANGUAGE_STANDARD = gnu99;
				GCC_WARN_64_TO_32_BIT_CONVERSION = YES;
				GCC_WARN_ABOUT_RETURN_TYPE = YES_ERROR;
				GCC_WARN_UNDECLARED_SELECTOR = YES;
				GCC_WARN_UNINITIALIZED_AUTOS = YES_AGGRESSIVE;
				GCC_WARN_UNUSED_FUNCTION = YES;
				GCC_WARN_UNUSED_VARIABLE = YES;
				IPHONEOS_DEPLOYMENT_TARGET = 8.1;
				MTL_ENABLE_DEBUG_INFO = NO;
				SDKROOT = iphoneos;
				TARGETED_DEVICE_FAMILY = "1,2";
				VALIDATE_PRODUCT = YES;
			};
			name = Release;
		};
		1DF01F521A802065008F514C /* Debug */ = {
			isa = XCBuildConfiguration;
			buildSettings = {
				ASSETCATALOG_COMPILER_APPICON_NAME = AppIcon;
				INFOPLIST_FILE = LocationMinder/Info.plist;
				LD_RUNPATH_SEARCH_PATHS = "$(inherited) @executable_path/Frameworks";
				PRODUCT_NAME = "$(TARGET_NAME)";
			};
			name = Debug;
		};
		1DF01F531A802065008F514C /* Release */ = {
			isa = XCBuildConfiguration;
			buildSettings = {
				ASSETCATALOG_COMPILER_APPICON_NAME = AppIcon;
				INFOPLIST_FILE = LocationMinder/Info.plist;
				LD_RUNPATH_SEARCH_PATHS = "$(inherited) @executable_path/Frameworks";
				PRODUCT_NAME = "$(TARGET_NAME)";
			};
			name = Release;
		};
		1DF01F551A802065008F514C /* Debug */ = {
			isa = XCBuildConfiguration;
			buildSettings = {
				BUNDLE_LOADER = "$(TEST_HOST)";
				FRAMEWORK_SEARCH_PATHS = (
					"$(SDKROOT)/Developer/Library/Frameworks",
					"$(inherited)",
				);
				GCC_PREPROCESSOR_DEFINITIONS = (
					"DEBUG=1",
					"$(inherited)",
				);
				INFOPLIST_FILE = LocationMinderTests/Info.plist;
				LD_RUNPATH_SEARCH_PATHS = "$(inherited) @executable_path/Frameworks @loader_path/Frameworks";
				PRODUCT_NAME = "$(TARGET_NAME)";
				TEST_HOST = "$(BUILT_PRODUCTS_DIR)/LocationMinder.app/LocationMinder";
			};
			name = Debug;
		};
		1DF01F561A802065008F514C /* Release */ = {
			isa = XCBuildConfiguration;
			buildSettings = {
				BUNDLE_LOADER = "$(TEST_HOST)";
				FRAMEWORK_SEARCH_PATHS = (
					"$(SDKROOT)/Developer/Library/Frameworks",
					"$(inherited)",
				);
				INFOPLIST_FILE = LocationMinderTests/Info.plist;
				LD_RUNPATH_SEARCH_PATHS = "$(inherited) @executable_path/Frameworks @loader_path/Frameworks";
				PRODUCT_NAME = "$(TARGET_NAME)";
				TEST_HOST = "$(BUILT_PRODUCTS_DIR)/LocationMinder.app/LocationMinder";
			};
			name = Release;
		};
/* End XCBuildConfiguration section */

/* Begin XCConfigurationList section */
		1DF01F291A802065008F514C /* Build configuration list for PBXProject "LocationMinder" */ = {
			isa = XCConfigurationList;
			buildConfigurations = (
				1DF01F4F1A802065008F514C /* Debug */,
				1DF01F501A802065008F514C /* Release */,
			);
			defaultConfigurationIsVisible = 0;
			defaultConfigurationName = Release;
		};
		1DF01F511A802065008F514C /* Build configuration list for PBXNativeTarget "LocationMinder" */ = {
			isa = XCConfigurationList;
			buildConfigurations = (
				1DF01F521A802065008F514C /* Debug */,
				1DF01F531A802065008F514C /* Release */,
			);
			defaultConfigurationIsVisible = 0;
			defaultConfigurationName = Release;
		};
		1DF01F541A802065008F514C /* Build configuration list for PBXNativeTarget "LocationMinderTests" */ = {
			isa = XCConfigurationList;
			buildConfigurations = (
				1DF01F551A802065008F514C /* Debug */,
				1DF01F561A802065008F514C /* Release */,
			);
			defaultConfigurationIsVisible = 0;
			defaultConfigurationName = Release;
		};
/* End XCConfigurationList section */
	};
	rootObject = 1DF01F261A802065008F514C /* Project object */;
}
